
Microsoft Visual Studio Solution File, Format Version 12.00
# Visual Studio Version 17
VisualStudioVersion = 17.0.31903.59
MinimumVisualStudioVersion = 10.0.40219.1
Project("{2150E333-8FDC-42A3-9474-1A3956D46DE8}") = "PropostaService", "PropostaService", "{12908AE1-9F35-CC6E-6A6B-D40B7CA86BDA}"
EndProject
Project("{2150E333-8FDC-42A3-9474-1A3956D46DE8}") = "src", "src", "{D689098D-B67A-09BD-442F-98C123BBF9F2}"
EndProject
Project("{FAE04EC0-301F-11D3-BF4B-00C04F79EFBC}") = "PropostaService.Domain", "PropostaService\src\PropostaService.Domain\PropostaService.Domain.csproj", "{FA52FFC1-FFB4-40B2-A65D-7990797926C8}"
EndProject
Project("{FAE04EC0-301F-11D3-BF4B-00C04F79EFBC}") = "PropostaService.Application", "PropostaService\src\PropostaService.Application\PropostaService.Application.csproj", "{33BC15DB-8A1F-408A-9F1D-1183117F2E80}"
EndProject
Project("{FAE04EC0-301F-11D3-BF4B-00C04F79EFBC}") = "PropostaService.Infrastructure", "PropostaService\src\PropostaService.Infrastructure\PropostaService.Infrastructure.csproj", "{89797DA7-5EA9-430B-864F-AFFA0B78FDA7}"
EndProject
Project("{FAE04EC0-301F-11D3-BF4B-00C04F79EFBC}") = "PropostaService.API", "PropostaService\src\PropostaService.API\PropostaService.API.csproj", "{91D53152-A457-4846-B669-8907290D7CAF}"
EndProject
Project("{2150E333-8FDC-42A3-9474-1A3956D46DE8}") = "tests", "tests", "{F8A2E1D8-0478-3DD9-6956-8F1108859F3C}"
EndProject
Project("{FAE04EC0-301F-11D3-BF4B-00C04F79EFBC}") = "PropostaService.Tests", "PropostaService\tests\PropostaService.Tests\PropostaService.Tests.csproj", "{035E43F4-7604-4BDA-9CEA-EA268A4BC009}"
EndProject
Project("{2150E333-8FDC-42A3-9474-1A3956D46DE8}") = "ContratacaoService", "ContratacaoService", "{90D05A91-A326-050F-70D3-F426CCE873F3}"
EndProject
Project("{2150E333-8FDC-42A3-9474-1A3956D46DE8}") = "src", "src", "{DC9A8B8E-C374-4A64-002B-A787D5950DB8}"
EndProject
Project("{FAE04EC0-301F-11D3-BF4B-00C04F79EFBC}") = "ContratacaoService.Domain", "ContratacaoService\src\ContratacaoService.Domain\ContratacaoService.Domain.csproj", "{8C298952-C628-4E34-9DA4-AD37982E362F}"
EndProject
Project("{FAE04EC0-301F-11D3-BF4B-00C04F79EFBC}") = "ContratacaoService.Application", "ContratacaoService\src\ContratacaoService.Application\ContratacaoService.Application.csproj", "{DF17E248-FF0D-4CCC-B91C-33359EDF7546}"
EndProject
Project("{FAE04EC0-301F-11D3-BF4B-00C04F79EFBC}") = "ContratacaoService.Infrastructure", "ContratacaoService\src\ContratacaoService.Infrastructure\ContratacaoService.Infrastructure.csproj", "{5C86DDB7-8FC3-4828-B7EE-ED7F1609852B}"
EndProject
Project("{FAE04EC0-301F-11D3-BF4B-00C04F79EFBC}") = "ContratacaoService.API", "ContratacaoService\src\ContratacaoService.API\ContratacaoService.API.csproj", "{4F8A54B8-C236-4A29-A757-E7C407E55CF3}"
EndProject
Project("{2150E333-8FDC-42A3-9474-1A3956D46DE8}") = "tests", "tests", "{165C5AB7-F805-EC57-8FB6-E088143F1109}"
EndProject
Project("{FAE04EC0-301F-11D3-BF4B-00C04F79EFBC}") = "ContratacaoService.Tests", "ContratacaoService\tests\ContratacaoService.Tests\ContratacaoService.Tests.csproj", "{B9967F40-7EDF-4A29-94DB-52183B97A51A}"
EndProject
Global
	GlobalSection(SolutionConfigurationPlatforms) = preSolution
		Debug|Any CPU = Debug|Any CPU
		Debug|x64 = Debug|x64
		Debug|x86 = Debug|x86
		Release|Any CPU = Release|Any CPU
		Release|x64 = Release|x64
		Release|x86 = Release|x86
	EndGlobalSection
	GlobalSection(ProjectConfigurationPlatforms) = postSolution
		{FA52FFC1-FFB4-40B2-A65D-7990797926C8}.Debug|Any CPU.ActiveCfg = Debug|Any CPU
		{FA52FFC1-FFB4-40B2-A65D-7990797926C8}.Debug|Any CPU.Build.0 = Debug|Any CPU
		{FA52FFC1-FFB4-40B2-A65D-7990797926C8}.Debug|x64.ActiveCfg = Debug|Any CPU
		{FA52FFC1-FFB4-40B2-A65D-7990797926C8}.Debug|x64.Build.0 = Debug|Any CPU
		{FA52FFC1-FFB4-40B2-A65D-7990797926C8}.Debug|x86.ActiveCfg = Debug|Any CPU
		{FA52FFC1-FFB4-40B2-A65D-7990797926C8}.Debug|x86.Build.0 = Debug|Any CPU
		{FA52FFC1-FFB4-40B2-A65D-7990797926C8}.Release|Any CPU.ActiveCfg = Release|Any CPU
		{FA52FFC1-FFB4-40B2-A65D-7990797926C8}.Release|Any CPU.Build.0 = Release|Any CPU
		{FA52FFC1-FFB4-40B2-A65D-7990797926C8}.Release|x64.ActiveCfg = Release|Any CPU
		{FA52FFC1-FFB4-40B2-A65D-7990797926C8}.Release|x64.Build.0 = Release|Any CPU
		{FA52FFC1-FFB4-40B2-A65D-7990797926C8}.Release|x86.ActiveCfg = Release|Any CPU
		{FA52FFC1-FFB4-40B2-A65D-7990797926C8}.Release|x86.Build.0 = Release|Any CPU
		{33BC15DB-8A1F-408A-9F1D-1183117F2E80}.Debug|Any CPU.ActiveCfg = Debug|Any CPU
		{33BC15DB-8A1F-408A-9F1D-1183117F2E80}.Debug|Any CPU.Build.0 = Debug|Any CPU
		{33BC15DB-8A1F-408A-9F1D-1183117F2E80}.Debug|x64.ActiveCfg = Debug|Any CPU
		{33BC15DB-8A1F-408A-9F1D-1183117F2E80}.Debug|x64.Build.0 = Debug|Any CPU
		{33BC15DB-8A1F-408A-9F1D-1183117F2E80}.Debug|x86.ActiveCfg = Debug|Any CPU
		{33BC15DB-8A1F-408A-9F1D-1183117F2E80}.Debug|x86.Build.0 = Debug|Any CPU
		{33BC15DB-8A1F-408A-9F1D-1183117F2E80}.Release|Any CPU.ActiveCfg = Release|Any CPU
		{33BC15DB-8A1F-408A-9F1D-1183117F2E80}.Release|Any CPU.Build.0 = Release|Any CPU
		{33BC15DB-8A1F-408A-9F1D-1183117F2E80}.Release|x64.ActiveCfg = Release|Any CPU
		{33BC15DB-8A1F-408A-9F1D-1183117F2E80}.Release|x64.Build.0 = Release|Any CPU
		{33BC15DB-8A1F-408A-9F1D-1183117F2E80}.Release|x86.ActiveCfg = Release|Any CPU
		{33BC15DB-8A1F-408A-9F1D-1183117F2E80}.Release|x86.Build.0 = Release|Any CPU
		{89797DA7-5EA9-430B-864F-AFFA0B78FDA7}.Debug|Any CPU.ActiveCfg = Debug|Any CPU
		{89797DA7-5EA9-430B-864F-AFFA0B78FDA7}.Debug|Any CPU.Build.0 = Debug|Any CPU
		{89797DA7-5EA9-430B-864F-AFFA0B78FDA7}.Debug|x64.ActiveCfg = Debug|Any CPU
		{89797DA7-5EA9-430B-864F-AFFA0B78FDA7}.Debug|x64.Build.0 = Debug|Any CPU
		{89797DA7-5EA9-430B-864F-AFFA0B78FDA7}.Debug|x86.ActiveCfg = Debug|Any CPU
		{89797DA7-5EA9-430B-864F-AFFA0B78FDA7}.Debug|x86.Build.0 = Debug|Any CPU
		{89797DA7-5EA9-430B-864F-AFFA0B78FDA7}.Release|Any CPU.ActiveCfg = Release|Any CPU
		{89797DA7-5EA9-430B-864F-AFFA0B78FDA7}.Release|Any CPU.Build.0 = Release|Any CPU
		{89797DA7-5EA9-430B-864F-AFFA0B78FDA7}.Release|x64.ActiveCfg = Release|Any CPU
		{89797DA7-5EA9-430B-864F-AFFA0B78FDA7}.Release|x64.Build.0 = Release|Any CPU
		{89797DA7-5EA9-430B-864F-AFFA0B78FDA7}.Release|x86.ActiveCfg = Release|Any CPU
		{89797DA7-5EA9-430B-864F-AFFA0B78FDA7}.Release|x86.Build.0 = Release|Any CPU
		{91D53152-A457-4846-B669-8907290D7CAF}.Debug|Any CPU.ActiveCfg = Debug|Any CPU
		{91D53152-A457-4846-B669-8907290D7CAF}.Debug|Any CPU.Build.0 = Debug|Any CPU
		{91D53152-A457-4846-B669-8907290D7CAF}.Debug|x64.ActiveCfg = Debug|Any CPU
		{91D53152-A457-4846-B669-8907290D7CAF}.Debug|x64.Build.0 = Debug|Any CPU
		{91D53152-A457-4846-B669-8907290D7CAF}.Debug|x86.ActiveCfg = Debug|Any CPU
		{91D53152-A457-4846-B669-8907290D7CAF}.Debug|x86.Build.0 = Debug|Any CPU
		{91D53152-A457-4846-B669-8907290D7CAF}.Release|Any CPU.ActiveCfg = Release|Any CPU
		{91D53152-A457-4846-B669-8907290D7CAF}.Release|Any CPU.Build.0 = Release|Any CPU
		{91D53152-A457-4846-B669-8907290D7CAF}.Release|x64.ActiveCfg = Release|Any CPU
		{91D53152-A457-4846-B669-8907290D7CAF}.Release|x64.Build.0 = Release|Any CPU
		{91D53152-A457-4846-B669-8907290D7CAF}.Release|x86.ActiveCfg = Release|Any CPU
		{91D53152-A457-4846-B669-8907290D7CAF}.Release|x86.Build.0 = Release|Any CPU
		{035E43F4-7604-4BDA-9CEA-EA268A4BC009}.Debug|Any CPU.ActiveCfg = Debug|Any CPU
		{035E43F4-7604-4BDA-9CEA-EA268A4BC009}.Debug|Any CPU.Build.0 = Debug|Any CPU
		{035E43F4-7604-4BDA-9CEA-EA268A4BC009}.Debug|x64.ActiveCfg = Debug|Any CPU
		{035E43F4-7604-4BDA-9CEA-EA268A4BC009}.Debug|x64.Build.0 = Debug|Any CPU
		{035E43F4-7604-4BDA-9CEA-EA268A4BC009}.Debug|x86.ActiveCfg = Debug|Any CPU
		{035E43F4-7604-4BDA-9CEA-EA268A4BC009}.Debug|x86.Build.0 = Debug|Any CPU
		{035E43F4-7604-4BDA-9CEA-EA268A4BC009}.Release|Any CPU.ActiveCfg = Release|Any CPU
		{035E43F4-7604-4BDA-9CEA-EA268A4BC009}.Release|Any CPU.Build.0 = Release|Any CPU
		{035E43F4-7604-4BDA-9CEA-EA268A4BC009}.Release|x64.ActiveCfg = Release|Any CPU
		{035E43F4-7604-4BDA-9CEA-EA268A4BC009}.Release|x64.Build.0 = Release|Any CPU
		{035E43F4-7604-4BDA-9CEA-EA268A4BC009}.Release|x86.ActiveCfg = Release|Any CPU
		{035E43F4-7604-4BDA-9CEA-EA268A4BC009}.Release|x86.Build.0 = Release|Any CPU
		{8C298952-C628-4E34-9DA4-AD37982E362F}.Debug|Any CPU.ActiveCfg = Debug|Any CPU
		{8C298952-C628-4E34-9DA4-AD37982E362F}.Debug|Any CPU.Build.0 = Debug|Any CPU
		{8C298952-C628-4E34-9DA4-AD37982E362F}.Debug|x64.ActiveCfg = Debug|Any CPU
		{8C298952-C628-4E34-9DA4-AD37982E362F}.Debug|x64.Build.0 = Debug|Any CPU
		{8C298952-C628-4E34-9DA4-AD37982E362F}.Debug|x86.ActiveCfg = Debug|Any CPU
		{8C298952-C628-4E34-9DA4-AD37982E362F}.Debug|x86.Build.0 = Debug|Any CPU
		{8C298952-C628-4E34-9DA4-AD37982E362F}.Release|Any CPU.ActiveCfg = Release|Any CPU
		{8C298952-C628-4E34-9DA4-AD37982E362F}.Release|Any CPU.Build.0 = Release|Any CPU
		{8C298952-C628-4E34-9DA4-AD37982E362F}.Release|x64.ActiveCfg = Release|Any CPU
		{8C298952-C628-4E34-9DA4-AD37982E362F}.Release|x64.Build.0 = Release|Any CPU
		{8C298952-C628-4E34-9DA4-AD37982E362F}.Release|x86.ActiveCfg = Release|Any CPU
		{8C298952-C628-4E34-9DA4-AD37982E362F}.Release|x86.Build.0 = Release|Any CPU
		{DF17E248-FF0D-4CCC-B91C-33359EDF7546}.Debug|Any CPU.ActiveCfg = Debug|Any CPU
		{DF17E248-FF0D-4CCC-B91C-33359EDF7546}.Debug|Any CPU.Build.0 = Debug|Any CPU
		{DF17E248-FF0D-4CCC-B91C-33359EDF7546}.Debug|x64.ActiveCfg = Debug|Any CPU
		{DF17E248-FF0D-4CCC-B91C-33359EDF7546}.Debug|x64.Build.0 = Debug|Any CPU
		{DF17E248-FF0D-4CCC-B91C-33359EDF7546}.Debug|x86.ActiveCfg = Debug|Any CPU
		{DF17E248-FF0D-4CCC-B91C-33359EDF7546}.Debug|x86.Build.0 = Debug|Any CPU
		{DF17E248-FF0D-4CCC-B91C-33359EDF7546}.Release|Any CPU.ActiveCfg = Release|Any CPU
		{DF17E248-FF0D-4CCC-B91C-33359EDF7546}.Release|Any CPU.Build.0 = Release|Any CPU
		{DF17E248-FF0D-4CCC-B91C-33359EDF7546}.Release|x64.ActiveCfg = Release|Any CPU
		{DF17E248-FF0D-4CCC-B91C-33359EDF7546}.Release|x64.Build.0 = Release|Any CPU
		{DF17E248-FF0D-4CCC-B91C-33359EDF7546}.Release|x86.ActiveCfg = Release|Any CPU
		{DF17E248-FF0D-4CCC-B91C-33359EDF7546}.Release|x86.Build.0 = Release|Any CPU
		{5C86DDB7-8FC3-4828-B7EE-ED7F1609852B}.Debug|Any CPU.ActiveCfg = Debug|Any CPU
		{5C86DDB7-8FC3-4828-B7EE-ED7F1609852B}.Debug|Any CPU.Build.0 = Debug|Any CPU
		{5C86DDB7-8FC3-4828-B7EE-ED7F1609852B}.Debug|x64.ActiveCfg = Debug|Any CPU
		{5C86DDB7-8FC3-4828-B7EE-ED7F1609852B}.Debug|x64.Build.0 = Debug|Any CPU
		{5C86DDB7-8FC3-4828-B7EE-ED7F1609852B}.Debug|x86.ActiveCfg = Debug|Any CPU
		{5C86DDB7-8FC3-4828-B7EE-ED7F1609852B}.Debug|x86.Build.0 = Debug|Any CPU
		{5C86DDB7-8FC3-4828-B7EE-ED7F1609852B}.Release|Any CPU.ActiveCfg = Release|Any CPU
		{5C86DDB7-8FC3-4828-B7EE-ED7F1609852B}.Release|Any CPU.Build.0 = Release|Any CPU
		{5C86DDB7-8FC3-4828-B7EE-ED7F1609852B}.Release|x64.ActiveCfg = Release|Any CPU
		{5C86DDB7-8FC3-4828-B7EE-ED7F1609852B}.Release|x64.Build.0 = Release|Any CPU
		{5C86DDB7-8FC3-4828-B7EE-ED7F1609852B}.Release|x86.ActiveCfg = Release|Any CPU
		{5C86DDB7-8FC3-4828-B7EE-ED7F1609852B}.Release|x86.Build.0 = Release|Any CPU
		{4F8A54B8-C236-4A29-A757-E7C407E55CF3}.Debug|Any CPU.ActiveCfg = Debug|Any CPU
		{4F8A54B8-C236-4A29-A757-E7C407E55CF3}.Debug|Any CPU.Build.0 = Debug|Any CPU
		{4F8A54B8-C236-4A29-A757-E7C407E55CF3}.Debug|x64.ActiveCfg = Debug|Any CPU
		{4F8A54B8-C236-4A29-A757-E7C407E55CF3}.Debug|x64.Build.0 = Debug|Any CPU
		{4F8A54B8-C236-4A29-A757-E7C407E55CF3}.Debug|x86.ActiveCfg = Debug|Any CPU
		{4F8A54B8-C236-4A29-A757-E7C407E55CF3}.Debug|x86.Build.0 = Debug|Any CPU
		{4F8A54B8-C236-4A29-A757-E7C407E55CF3}.Release|Any CPU.ActiveCfg = Release|Any CPU
		{4F8A54B8-C236-4A29-A757-E7C407E55CF3}.Release|Any CPU.Build.0 = Release|Any CPU
		{4F8A54B8-C236-4A29-A757-E7C407E55CF3}.Release|x64.ActiveCfg = Release|Any CPU
		{4F8A54B8-C236-4A29-A757-E7C407E55CF3}.Release|x64.Build.0 = Release|Any CPU
		{4F8A54B8-C236-4A29-A757-E7C407E55CF3}.Release|x86.ActiveCfg = Release|Any CPU
		{4F8A54B8-C236-4A29-A757-E7C407E55CF3}.Release|x86.Build.0 = Release|Any CPU
		{B9967F40-7EDF-4A29-94DB-52183B97A51A}.Debug|Any CPU.ActiveCfg = Debug|Any CPU
		{B9967F40-7EDF-4A29-94DB-52183B97A51A}.Debug|Any CPU.Build.0 = Debug|Any CPU
		{B9967F40-7EDF-4A29-94DB-52183B97A51A}.Debug|x64.ActiveCfg = Debug|Any CPU
		{B9967F40-7EDF-4A29-94DB-52183B97A51A}.Debug|x64.Build.0 = Debug|Any CPU
		{B9967F40-7EDF-4A29-94DB-52183B97A51A}.Debug|x86.ActiveCfg = Debug|Any CPU
		{B9967F40-7EDF-4A29-94DB-52183B97A51A}.Debug|x86.Build.0 = Debug|Any CPU
		{B9967F40-7EDF-4A29-94DB-52183B97A51A}.Release|Any CPU.ActiveCfg = Release|Any CPU
		{B9967F40-7EDF-4A29-94DB-52183B97A51A}.Release|Any CPU.Build.0 = Release|Any CPU
		{B9967F40-7EDF-4A29-94DB-52183B97A51A}.Release|x64.ActiveCfg = Release|Any CPU
		{B9967F40-7EDF-4A29-94DB-52183B97A51A}.Release|x64.Build.0 = Release|Any CPU
		{B9967F40-7EDF-4A29-94DB-52183B97A51A}.Release|x86.ActiveCfg = Release|Any CPU
		{B9967F40-7EDF-4A29-94DB-52183B97A51A}.Release|x86.Build.0 = Release|Any CPU
	EndGlobalSection
	GlobalSection(SolutionProperties) = preSolution
		HideSolutionNode = FALSE
	EndGlobalSection
	GlobalSection(NestedProjects) = preSolution
		{D689098D-B67A-09BD-442F-98C123BBF9F2} = {12908AE1-9F35-CC6E-6A6B-D40B7CA86BDA}
		{FA52FFC1-FFB4-40B2-A65D-7990797926C8} = {D689098D-B67A-09BD-442F-98C123BBF9F2}
		{33BC15DB-8A1F-408A-9F1D-1183117F2E80} = {D689098D-B67A-09BD-442F-98C123BBF9F2}
		{89797DA7-5EA9-430B-864F-AFFA0B78FDA7} = {D689098D-B67A-09BD-442F-98C123BBF9F2}
		{91D53152-A457-4846-B669-8907290D7CAF} = {D689098D-B67A-09BD-442F-98C123BBF9F2}
		{F8A2E1D8-0478-3DD9-6956-8F1108859F3C} = {12908AE1-9F35-CC6E-6A6B-D40B7CA86BDA}
		{035E43F4-7604-4BDA-9CEA-EA268A4BC009} = {F8A2E1D8-0478-3DD9-6956-8F1108859F3C}
		{DC9A8B8E-C374-4A64-002B-A787D5950DB8} = {90D05A91-A326-050F-70D3-F426CCE873F3}
		{8C298952-C628-4E34-9DA4-AD37982E362F} = {DC9A8B8E-C374-4A64-002B-A787D5950DB8}
		{DF17E248-FF0D-4CCC-B91C-33359EDF7546} = {DC9A8B8E-C374-4A64-002B-A787D5950DB8}
		{5C86DDB7-8FC3-4828-B7EE-ED7F1609852B} = {DC9A8B8E-C374-4A64-002B-A787D5950DB8}
		{4F8A54B8-C236-4A29-A757-E7C407E55CF3} = {DC9A8B8E-C374-4A64-002B-A787D5950DB8}
		{165C5AB7-F805-EC57-8FB6-E088143F1109} = {90D05A91-A326-050F-70D3-F426CCE873F3}
		{B9967F40-7EDF-4A29-94DB-52183B97A51A} = {165C5AB7-F805-EC57-8FB6-E088143F1109}
	EndGlobalSection
EndGlobal
